// !$*UTF8*$!
{
	archiveVersion = 1;
	classes = {
	};
	objectVersion = 55;
	objects = {

/* Begin PBXBuildFile section */
		3E8A9B3C33DAFAEDF455D695 /* Pods_MeetTheCat.framework in Frameworks */ = {isa = PBXBuildFile; fileRef = E17C6FDA66BD675A2C04D91E /* Pods_MeetTheCat.framework */; };
		D6DFC3012749A42900DAA6B8 /* AppDelegate.swift in Sources */ = {isa = PBXBuildFile; fileRef = D6DFC3002749A42900DAA6B8 /* AppDelegate.swift */; };
		D6DFC3032749A42900DAA6B8 /* SceneDelegate.swift in Sources */ = {isa = PBXBuildFile; fileRef = D6DFC3022749A42900DAA6B8 /* SceneDelegate.swift */; };
		D6DFC3052749A42900DAA6B8 /* ViewController.swift in Sources */ = {isa = PBXBuildFile; fileRef = D6DFC3042749A42900DAA6B8 /* ViewController.swift */; };
		D6DFC3082749A42900DAA6B8 /* Main.storyboard in Resources */ = {isa = PBXBuildFile; fileRef = D6DFC3062749A42900DAA6B8 /* Main.storyboard */; };
		D6DFC30A2749A42B00DAA6B8 /* Assets.xcassets in Resources */ = {isa = PBXBuildFile; fileRef = D6DFC3092749A42B00DAA6B8 /* Assets.xcassets */; };
		D6DFC30D2749A42B00DAA6B8 /* LaunchScreen.storyboard in Resources */ = {isa = PBXBuildFile; fileRef = D6DFC30B2749A42B00DAA6B8 /* LaunchScreen.storyboard */; };
		D6DFC3182749A42C00DAA6B8 /* MeetTheCatTests.swift in Sources */ = {isa = PBXBuildFile; fileRef = D6DFC3172749A42C00DAA6B8 /* MeetTheCatTests.swift */; };
		D6DFC3222749A42C00DAA6B8 /* MeetTheCatUITests.swift in Sources */ = {isa = PBXBuildFile; fileRef = D6DFC3212749A42C00DAA6B8 /* MeetTheCatUITests.swift */; };
		D6DFC3242749A42C00DAA6B8 /* MeetTheCatUITestsLaunchTests.swift in Sources */ = {isa = PBXBuildFile; fileRef = D6DFC3232749A42C00DAA6B8 /* MeetTheCatUITestsLaunchTests.swift */; };
/* End PBXBuildFile section */

/* Begin PBXContainerItemProxy section */
		D6DFC3142749A42C00DAA6B8 /* PBXContainerItemProxy */ = {
			isa = PBXContainerItemProxy;
			containerPortal = D6DFC2F52749A42900DAA6B8 /* Project object */;
			proxyType = 1;
			remoteGlobalIDString = D6DFC2FC2749A42900DAA6B8;
			remoteInfo = MeetTheCat;
		};
		D6DFC31E2749A42C00DAA6B8 /* PBXContainerItemProxy */ = {
			isa = PBXContainerItemProxy;
			containerPortal = D6DFC2F52749A42900DAA6B8 /* Project object */;
			proxyType = 1;
			remoteGlobalIDString = D6DFC2FC2749A42900DAA6B8;
			remoteInfo = MeetTheCat;
		};
/* End PBXContainerItemProxy section */

/* Begin PBXFileReference section */
		015BFF9BF6FC64F5606F0F32 /* Pods-MeetTheCat.debug.xcconfig */ = {isa = PBXFileReference; includeInIndex = 1; lastKnownFileType = text.xcconfig; name = "Pods-MeetTheCat.debug.xcconfig"; path = "Target Support Files/Pods-MeetTheCat/Pods-MeetTheCat.debug.xcconfig"; sourceTree = "<group>"; };
		82A648C11CA2DC274DEBA2C8 /* Pods-MeetTheCat.release.xcconfig */ = {isa = PBXFileReference; includeInIndex = 1; lastKnownFileType = text.xcconfig; name = "Pods-MeetTheCat.release.xcconfig"; path = "Target Support Files/Pods-MeetTheCat/Pods-MeetTheCat.release.xcconfig"; sourceTree = "<group>"; };
		D6DFC2FD2749A42900DAA6B8 /* MeetTheCat.app */ = {isa = PBXFileReference; explicitFileType = wrapper.application; includeInIndex = 0; path = MeetTheCat.app; sourceTree = BUILT_PRODUCTS_DIR; };
		D6DFC3002749A42900DAA6B8 /* AppDelegate.swift */ = {isa = PBXFileReference; lastKnownFileType = sourcecode.swift; path = AppDelegate.swift; sourceTree = "<group>"; };
		D6DFC3022749A42900DAA6B8 /* SceneDelegate.swift */ = {isa = PBXFileReference; lastKnownFileType = sourcecode.swift; path = SceneDelegate.swift; sourceTree = "<group>"; };
		D6DFC3042749A42900DAA6B8 /* ViewController.swift */ = {isa = PBXFileReference; lastKnownFileType = sourcecode.swift; path = ViewController.swift; sourceTree = "<group>"; };
		D6DFC3072749A42900DAA6B8 /* Base */ = {isa = PBXFileReference; lastKnownFileType = file.storyboard; name = Base; path = Base.lproj/Main.storyboard; sourceTree = "<group>"; };
		D6DFC3092749A42B00DAA6B8 /* Assets.xcassets */ = {isa = PBXFileReference; lastKnownFileType = folder.assetcatalog; path = Assets.xcassets; sourceTree = "<group>"; };
		D6DFC30C2749A42B00DAA6B8 /* Base */ = {isa = PBXFileReference; lastKnownFileType = file.storyboard; name = Base; path = Base.lproj/LaunchScreen.storyboard; sourceTree = "<group>"; };
		D6DFC30E2749A42B00DAA6B8 /* Info.plist */ = {isa = PBXFileReference; lastKnownFileType = text.plist.xml; path = Info.plist; sourceTree = "<group>"; };
		D6DFC3132749A42C00DAA6B8 /* MeetTheCatTests.xctest */ = {isa = PBXFileReference; explicitFileType = wrapper.cfbundle; includeInIndex = 0; path = MeetTheCatTests.xctest; sourceTree = BUILT_PRODUCTS_DIR; };
		D6DFC3172749A42C00DAA6B8 /* MeetTheCatTests.swift */ = {isa = PBXFileReference; lastKnownFileType = sourcecode.swift; path = MeetTheCatTests.swift; sourceTree = "<group>"; };
		D6DFC31D2749A42C00DAA6B8 /* MeetTheCatUITests.xctest */ = {isa = PBXFileReference; explicitFileType = wrapper.cfbundle; includeInIndex = 0; path = MeetTheCatUITests.xctest; sourceTree = BUILT_PRODUCTS_DIR; };
		D6DFC3212749A42C00DAA6B8 /* MeetTheCatUITests.swift */ = {isa = PBXFileReference; lastKnownFileType = sourcecode.swift; path = MeetTheCatUITests.swift; sourceTree = "<group>"; };
		D6DFC3232749A42C00DAA6B8 /* MeetTheCatUITestsLaunchTests.swift */ = {isa = PBXFileReference; lastKnownFileType = sourcecode.swift; path = MeetTheCatUITestsLaunchTests.swift; sourceTree = "<group>"; };
		E17C6FDA66BD675A2C04D91E /* Pods_MeetTheCat.framework */ = {isa = PBXFileReference; explicitFileType = wrapper.framework; includeInIndex = 0; path = Pods_MeetTheCat.framework; sourceTree = BUILT_PRODUCTS_DIR; };
/* End PBXFileReference section */

/* Begin PBXFrameworksBuildPhase section */
		D6DFC2FA2749A42900DAA6B8 /* Frameworks */ = {
			isa = PBXFrameworksBuildPhase;
			buildActionMask = 2147483647;
			files = (
				3E8A9B3C33DAFAEDF455D695 /* Pods_MeetTheCat.framework in Frameworks */,
			);
			runOnlyForDeploymentPostprocessing = 0;
		};
		D6DFC3102749A42C00DAA6B8 /* Frameworks */ = {
			isa = PBXFrameworksBuildPhase;
			buildActionMask = 2147483647;
			files = (
			);
			runOnlyForDeploymentPostprocessing = 0;
		};
		D6DFC31A2749A42C00DAA6B8 /* Frameworks */ = {
			isa = PBXFrameworksBuildPhase;
			buildActionMask = 2147483647;
			files = (
			);
			runOnlyForDeploymentPostprocessing = 0;
		};
/* End PBXFrameworksBuildPhase section */

/* Begin PBXGroup section */
		61A2956277DE65FB7DF4D7A8 /* Pods */ = {
			isa = PBXGroup;
			children = (
				015BFF9BF6FC64F5606F0F32 /* Pods-MeetTheCat.debug.xcconfig */,
				82A648C11CA2DC274DEBA2C8 /* Pods-MeetTheCat.release.xcconfig */,
			);
			name = Pods;
			path = Pods;
			sourceTree = "<group>";
		};
		D6DFC2F42749A42800DAA6B8 = {
			isa = PBXGroup;
			children = (
				D6DFC2FF2749A42900DAA6B8 /* MeetTheCat */,
				D6DFC3162749A42C00DAA6B8 /* MeetTheCatTests */,
				D6DFC3202749A42C00DAA6B8 /* MeetTheCatUITests */,
				D6DFC2FE2749A42900DAA6B8 /* Products */,
				61A2956277DE65FB7DF4D7A8 /* Pods */,
				DCE0E6E5C689A1D65AE7A493 /* Frameworks */,
			);
			sourceTree = "<group>";
		};
		D6DFC2FE2749A42900DAA6B8 /* Products */ = {
			isa = PBXGroup;
			children = (
				D6DFC2FD2749A42900DAA6B8 /* MeetTheCat.app */,
				D6DFC3132749A42C00DAA6B8 /* MeetTheCatTests.xctest */,
				D6DFC31D2749A42C00DAA6B8 /* MeetTheCatUITests.xctest */,
			);
			name = Products;
			sourceTree = "<group>";
		};
		D6DFC2FF2749A42900DAA6B8 /* MeetTheCat */ = {
			isa = PBXGroup;
			children = (
				D6DFC3002749A42900DAA6B8 /* AppDelegate.swift */,
				D6DFC3022749A42900DAA6B8 /* SceneDelegate.swift */,
				D6DFC3042749A42900DAA6B8 /* ViewController.swift */,
				D6DFC3062749A42900DAA6B8 /* Main.storyboard */,
				D6DFC3092749A42B00DAA6B8 /* Assets.xcassets */,
				D6DFC30B2749A42B00DAA6B8 /* LaunchScreen.storyboard */,
				D6DFC30E2749A42B00DAA6B8 /* Info.plist */,
			);
			path = MeetTheCat;
			sourceTree = "<group>";
		};
		D6DFC3162749A42C00DAA6B8 /* MeetTheCatTests */ = {
			isa = PBXGroup;
			children = (
				D6DFC3172749A42C00DAA6B8 /* MeetTheCatTests.swift */,
			);
			path = MeetTheCatTests;
			sourceTree = "<group>";
		};
		D6DFC3202749A42C00DAA6B8 /* MeetTheCatUITests */ = {
			isa = PBXGroup;
			children = (
				D6DFC3212749A42C00DAA6B8 /* MeetTheCatUITests.swift */,
				D6DFC3232749A42C00DAA6B8 /* MeetTheCatUITestsLaunchTests.swift */,
			);
			path = MeetTheCatUITests;
			sourceTree = "<group>";
		};
		DCE0E6E5C689A1D65AE7A493 /* Frameworks */ = {
			isa = PBXGroup;
			children = (
				E17C6FDA66BD675A2C04D91E /* Pods_MeetTheCat.framework */,
			);
			name = Frameworks;
			sourceTree = "<group>";
		};
/* End PBXGroup section */

/* Begin PBXNativeTarget section */
		D6DFC2FC2749A42900DAA6B8 /* MeetTheCat */ = {
			isa = PBXNativeTarget;
			buildConfigurationList = D6DFC3272749A42C00DAA6B8 /* Build configuration list for PBXNativeTarget "MeetTheCat" */;
			buildPhases = (
				424E35E8E86E621BE0E8224D /* [CP] Check Pods Manifest.lock */,
				D6DFC2F92749A42900DAA6B8 /* Sources */,
				D6DFC2FA2749A42900DAA6B8 /* Frameworks */,
				D6DFC2FB2749A42900DAA6B8 /* Resources */,
				549393CE0AEAE092FA05C9A8 /* [CP] Embed Pods Frameworks */,
			);
			buildRules = (
			);
			dependencies = (
			);
			name = MeetTheCat;
			productName = MeetTheCat;
			productReference = D6DFC2FD2749A42900DAA6B8 /* MeetTheCat.app */;
			productType = "com.apple.product-type.application";
		};
		D6DFC3122749A42C00DAA6B8 /* MeetTheCatTests */ = {
			isa = PBXNativeTarget;
			buildConfigurationList = D6DFC32A2749A42C00DAA6B8 /* Build configuration list for PBXNativeTarget "MeetTheCatTests" */;
			buildPhases = (
				D6DFC30F2749A42C00DAA6B8 /* Sources */,
				D6DFC3102749A42C00DAA6B8 /* Frameworks */,
				D6DFC3112749A42C00DAA6B8 /* Resources */,
			);
			buildRules = (
			);
			dependencies = (
				D6DFC3152749A42C00DAA6B8 /* PBXTargetDependency */,
			);
			name = MeetTheCatTests;
			productName = MeetTheCatTests;
			productReference = D6DFC3132749A42C00DAA6B8 /* MeetTheCatTests.xctest */;
			productType = "com.apple.product-type.bundle.unit-test";
		};
		D6DFC31C2749A42C00DAA6B8 /* MeetTheCatUITests */ = {
			isa = PBXNativeTarget;
			buildConfigurationList = D6DFC32D2749A42C00DAA6B8 /* Build configuration list for PBXNativeTarget "MeetTheCatUITests" */;
			buildPhases = (
				D6DFC3192749A42C00DAA6B8 /* Sources */,
				D6DFC31A2749A42C00DAA6B8 /* Frameworks */,
				D6DFC31B2749A42C00DAA6B8 /* Resources */,
			);
			buildRules = (
			);
			dependencies = (
				D6DFC31F2749A42C00DAA6B8 /* PBXTargetDependency */,
			);
			name = MeetTheCatUITests;
			productName = MeetTheCatUITests;
			productReference = D6DFC31D2749A42C00DAA6B8 /* MeetTheCatUITests.xctest */;
			productType = "com.apple.product-type.bundle.ui-testing";
		};
/* End PBXNativeTarget section */

/* Begin PBXProject section */
		D6DFC2F52749A42900DAA6B8 /* Project object */ = {
			isa = PBXProject;
			attributes = {
				BuildIndependentTargetsInParallel = 1;
				LastSwiftUpdateCheck = 1300;
				LastUpgradeCheck = 1300;
				TargetAttributes = {
					D6DFC2FC2749A42900DAA6B8 = {
						CreatedOnToolsVersion = 13.0;
					};
					D6DFC3122749A42C00DAA6B8 = {
						CreatedOnToolsVersion = 13.0;
						TestTargetID = D6DFC2FC2749A42900DAA6B8;
					};
					D6DFC31C2749A42C00DAA6B8 = {
						CreatedOnToolsVersion = 13.0;
						TestTargetID = D6DFC2FC2749A42900DAA6B8;
					};
				};
			};
			buildConfigurationList = D6DFC2F82749A42900DAA6B8 /* Build configuration list for PBXProject "MeetTheCat" */;
			compatibilityVersion = "Xcode 13.0";
			developmentRegion = en;
			hasScannedForEncodings = 0;
			knownRegions = (
				en,
				Base,
			);
			mainGroup = D6DFC2F42749A42800DAA6B8;
			productRefGroup = D6DFC2FE2749A42900DAA6B8 /* Products */;
			projectDirPath = "";
			projectRoot = "";
			targets = (
				D6DFC2FC2749A42900DAA6B8 /* MeetTheCat */,
				D6DFC3122749A42C00DAA6B8 /* MeetTheCatTests */,
				D6DFC31C2749A42C00DAA6B8 /* MeetTheCatUITests */,
			);
		};
/* End PBXProject section */

/* Begin PBXResourcesBuildPhase section */
		D6DFC2FB2749A42900DAA6B8 /* Resources */ = {
			isa = PBXResourcesBuildPhase;
			buildActionMask = 2147483647;
			files = (
				D6DFC30D2749A42B00DAA6B8 /* LaunchScreen.storyboard in Resources */,
				D6DFC30A2749A42B00DAA6B8 /* Assets.xcassets in Resources */,
				D6DFC3082749A42900DAA6B8 /* Main.storyboard in Resources */,
			);
			runOnlyForDeploymentPostprocessing = 0;
		};
		D6DFC3112749A42C00DAA6B8 /* Resources */ = {
			isa = PBXResourcesBuildPhase;
			buildActionMask = 2147483647;
			files = (
			);
			runOnlyForDeploymentPostprocessing = 0;
		};
		D6DFC31B2749A42C00DAA6B8 /* Resources */ = {
			isa = PBXResourcesBuildPhase;
			buildActionMask = 2147483647;
			files = (
			);
			runOnlyForDeploymentPostprocessing = 0;
		};
/* End PBXResourcesBuildPhase section */

/* Begin PBXShellScriptBuildPhase section */
		424E35E8E86E621BE0E8224D /* [CP] Check Pods Manifest.lock */ = {
			isa = PBXShellScriptBuildPhase;
			buildActionMask = 2147483647;
			files = (
			);
			inputFileListPaths = (
			);
			inputPaths = (
				"${PODS_PODFILE_DIR_PATH}/Podfile.lock",
				"${PODS_ROOT}/Manifest.lock",
			);
			name = "[CP] Check Pods Manifest.lock";
			outputFileListPaths = (
			);
			outputPaths = (
				"$(DERIVED_FILE_DIR)/Pods-MeetTheCat-checkManifestLockResult.txt",
			);
			runOnlyForDeploymentPostprocessing = 0;
			shellPath = /bin/sh;
			shellScript = "diff \"${PODS_PODFILE_DIR_PATH}/Podfile.lock\" \"${PODS_ROOT}/Manifest.lock\" > /dev/null\nif [ $? != 0 ] ; then\n    # print error to STDERR\n    echo \"error: The sandbox is not in sync with the Podfile.lock. Run 'pod install' or update your CocoaPods installation.\" >&2\n    exit 1\nfi\n# This output is used by Xcode 'outputs' to avoid re-running this script phase.\necho \"SUCCESS\" > \"${SCRIPT_OUTPUT_FILE_0}\"\n";
			showEnvVarsInLog = 0;
		};
		549393CE0AEAE092FA05C9A8 /* [CP] Embed Pods Frameworks */ = {
			isa = PBXShellScriptBuildPhase;
			buildActionMask = 2147483647;
			files = (
			);
			inputFileListPaths = (
				"${PODS_ROOT}/Target Support Files/Pods-MeetTheCat/Pods-MeetTheCat-frameworks-${CONFIGURATION}-input-files.xcfilelist",
			);
			name = "[CP] Embed Pods Frameworks";
			outputFileListPaths = (
				"${PODS_ROOT}/Target Support Files/Pods-MeetTheCat/Pods-MeetTheCat-frameworks-${CONFIGURATION}-output-files.xcfilelist",
			);
			runOnlyForDeploymentPostprocessing = 0;
			shellPath = /bin/sh;
			shellScript = "\"${PODS_ROOT}/Target Support Files/Pods-MeetTheCat/Pods-MeetTheCat-frameworks.sh\"\n";
			showEnvVarsInLog = 0;
		};
/* End PBXShellScriptBuildPhase section */

/* Begin PBXSourcesBuildPhase section */
		D6DFC2F92749A42900DAA6B8 /* Sources */ = {
			isa = PBXSourcesBuildPhase;
			buildActionMask = 2147483647;
			files = (
				D6DFC3052749A42900DAA6B8 /* ViewController.swift in Sources */,
				D6DFC3012749A42900DAA6B8 /* AppDelegate.swift in Sources */,
				D6DFC3032749A42900DAA6B8 /* SceneDelegate.swift in Sources */,
			);
			runOnlyForDeploymentPostprocessing = 0;
		};
		D6DFC30F2749A42C00DAA6B8 /* Sources */ = {
			isa = PBXSourcesBuildPhase;
			buildActionMask = 2147483647;
			files = (
				D6DFC3182749A42C00DAA6B8 /* MeetTheCatTests.swift in Sources */,
			);
			runOnlyForDeploymentPostprocessing = 0;
		};
		D6DFC3192749A42C00DAA6B8 /* Sources */ = {
			isa = PBXSourcesBuildPhase;
			buildActionMask = 2147483647;
			files = (
				D6DFC3242749A42C00DAA6B8 /* MeetTheCatUITestsLaunchTests.swift in Sources */,
				D6DFC3222749A42C00DAA6B8 /* MeetTheCatUITests.swift in Sources */,
			);
			runOnlyForDeploymentPostprocessing = 0;
		};
/* End PBXSourcesBuildPhase section */

/* Begin PBXTargetDependency section */
		D6DFC3152749A42C00DAA6B8 /* PBXTargetDependency */ = {
			isa = PBXTargetDependency;
			target = D6DFC2FC2749A42900DAA6B8 /* MeetTheCat */;
			targetProxy = D6DFC3142749A42C00DAA6B8 /* PBXContainerItemProxy */;
		};
		D6DFC31F2749A42C00DAA6B8 /* PBXTargetDependency */ = {
			isa = PBXTargetDependency;
			target = D6DFC2FC2749A42900DAA6B8 /* MeetTheCat */;
			targetProxy = D6DFC31E2749A42C00DAA6B8 /* PBXContainerItemProxy */;
		};
/* End PBXTargetDependency section */

/* Begin PBXVariantGroup section */
		D6DFC3062749A42900DAA6B8 /* Main.storyboard */ = {
			isa = PBXVariantGroup;
			children = (
				D6DFC3072749A42900DAA6B8 /* Base */,
			);
			name = Main.storyboard;
			sourceTree = "<group>";
		};
		D6DFC30B2749A42B00DAA6B8 /* LaunchScreen.storyboard */ = {
			isa = PBXVariantGroup;
			children = (
				D6DFC30C2749A42B00DAA6B8 /* Base */,
			);
			name = LaunchScreen.storyboard;
			sourceTree = "<group>";
		};
/* End PBXVariantGroup section */

/* Begin XCBuildConfiguration section */
		D6DFC3252749A42C00DAA6B8 /* Debug */ = {
			isa = XCBuildConfiguration;
			buildSettings = {
				ALWAYS_SEARCH_USER_PATHS = NO;
				CLANG_ANALYZER_NONNULL = YES;
				CLANG_ANALYZER_NUMBER_OBJECT_CONVERSION = YES_AGGRESSIVE;
				CLANG_CXX_LANGUAGE_STANDARD = "gnu++17";
				CLANG_CXX_LIBRARY = "libc++";
				CLANG_ENABLE_MODULES = YES;
				CLANG_ENABLE_OBJC_ARC = YES;
				CLANG_ENABLE_OBJC_WEAK = YES;
				CLANG_WARN_BLOCK_CAPTURE_AUTORELEASING = YES;
				CLANG_WARN_BOOL_CONVERSION = YES;
				CLANG_WARN_COMMA = YES;
				CLANG_WARN_CONSTANT_CONVERSION = YES;
				CLANG_WARN_DEPRECATED_OBJC_IMPLEMENTATIONS = YES;
				CLANG_WARN_DIRECT_OBJC_ISA_USAGE = YES_ERROR;
				CLANG_WARN_DOCUMENTATION_COMMENTS = YES;
				CLANG_WARN_EMPTY_BODY = YES;
				CLANG_WARN_ENUM_CONVERSION = YES;
				CLANG_WARN_INFINITE_RECURSION = YES;
				CLANG_WARN_INT_CONVERSION = YES;
				CLANG_WARN_NON_LITERAL_NULL_CONVERSION = YES;
				CLANG_WARN_OBJC_IMPLICIT_RETAIN_SELF = YES;
				CLANG_WARN_OBJC_LITERAL_CONVERSION = YES;
				CLANG_WARN_OBJC_ROOT_CLASS = YES_ERROR;
				CLANG_WARN_QUOTED_INCLUDE_IN_FRAMEWORK_HEADER = YES;
				CLANG_WARN_RANGE_LOOP_ANALYSIS = YES;
				CLANG_WARN_STRICT_PROTOTYPES = YES;
				CLANG_WARN_SUSPICIOUS_MOVE = YES;
				CLANG_WARN_UNGUARDED_AVAILABILITY = YES_AGGRESSIVE;
				CLANG_WARN_UNREACHABLE_CODE = YES;
				CLANG_WARN__DUPLICATE_METHOD_MATCH = YES;
				COPY_PHASE_STRIP = NO;
				DEBUG_INFORMATION_FORMAT = dwarf;
				ENABLE_STRICT_OBJC_MSGSEND = YES;
				ENABLE_TESTABILITY = YES;
				GCC_C_LANGUAGE_STANDARD = gnu11;
				GCC_DYNAMIC_NO_PIC = NO;
				GCC_NO_COMMON_BLOCKS = YES;
				GCC_OPTIMIZATION_LEVEL = 0;
				GCC_PREPROCESSOR_DEFINITIONS = (
					"DEBUG=1",
					"$(inherited)",
				);
				GCC_WARN_64_TO_32_BIT_CONVERSION = YES;
				GCC_WARN_ABOUT_RETURN_TYPE = YES_ERROR;
				GCC_WARN_UNDECLARED_SELECTOR = YES;
				GCC_WARN_UNINITIALIZED_AUTOS = YES_AGGRESSIVE;
				GCC_WARN_UNUSED_FUNCTION = YES;
				GCC_WARN_UNUSED_VARIABLE = YES;
				IPHONEOS_DEPLOYMENT_TARGET = 15.0;
				MTL_ENABLE_DEBUG_INFO = INCLUDE_SOURCE;
				MTL_FAST_MATH = YES;
				ONLY_ACTIVE_ARCH = YES;
				SDKROOT = iphoneos;
				SWIFT_ACTIVE_COMPILATION_CONDITIONS = DEBUG;
				SWIFT_OPTIMIZATION_LEVEL = "-Onone";
			};
			name = Debug;
		};
		D6DFC3262749A42C00DAA6B8 /* Release */ = {
			isa = XCBuildConfiguration;
			buildSettings = {
				ALWAYS_SEARCH_USER_PATHS = NO;
				CLANG_ANALYZER_NONNULL = YES;
				CLANG_ANALYZER_NUMBER_OBJECT_CONVERSION = YES_AGGRESSIVE;
				CLANG_CXX_LANGUAGE_STANDARD = "gnu++17";
				CLANG_CXX_LIBRARY = "libc++";
				CLANG_ENABLE_MODULES = YES;
				CLANG_ENABLE_OBJC_ARC = YES;
				CLANG_ENABLE_OBJC_WEAK = YES;
				CLANG_WARN_BLOCK_CAPTURE_AUTORELEASING = YES;
				CLANG_WARN_BOOL_CONVERSION = YES;
				CLANG_WARN_COMMA = YES;
				CLANG_WARN_CONSTANT_CONVERSION = YES;
				CLANG_WARN_DEPRECATED_OBJC_IMPLEMENTATIONS = YES;
				CLANG_WARN_DIRECT_OBJC_ISA_USAGE = YES_ERROR;
				CLANG_WARN_DOCUMENTATION_COMMENTS = YES;
				CLANG_WARN_EMPTY_BODY = YES;
				CLANG_WARN_ENUM_CONVERSION = YES;
				CLANG_WARN_INFINITE_RECURSION = YES;
				CLANG_WARN_INT_CONVERSION = YES;
				CLANG_WARN_NON_LITERAL_NULL_CONVERSION = YES;
				CLANG_WARN_OBJC_IMPLICIT_RETAIN_SELF = YES;
				CLANG_WARN_OBJC_LITERAL_CONVERSION = YES;
				CLANG_WARN_OBJC_ROOT_CLASS = YES_ERROR;
				CLANG_WARN_QUOTED_INCLUDE_IN_FRAMEWORK_HEADER = YES;
				CLANG_WARN_RANGE_LOOP_ANALYSIS = YES;
				CLANG_WARN_STRICT_PROTOTYPES = YES;
				CLANG_WARN_SUSPICIOUS_MOVE = YES;
				CLANG_WARN_UNGUARDED_AVAILABILITY = YES_AGGRESSIVE;
				CLANG_WARN_UNREACHABLE_CODE = YES;
				CLANG_WARN__DUPLICATE_METHOD_MATCH = YES;
				COPY_PHASE_STRIP = NO;
				DEBUG_INFORMATION_FORMAT = "dwarf-with-dsym";
				ENABLE_NS_ASSERTIONS = NO;
				ENABLE_STRICT_OBJC_MSGSEND = YES;
				GCC_C_LANGUAGE_STANDARD = gnu11;
				GCC_NO_COMMON_BLOCKS = YES;
				GCC_WARN_64_TO_32_BIT_CONVERSION = YES;
				GCC_WARN_ABOUT_RETURN_TYPE = YES_ERROR;
				GCC_WARN_UNDECLARED_SELECTOR = YES;
				GCC_WARN_UNINITIALIZED_AUTOS = YES_AGGRESSIVE;
				GCC_WARN_UNUSED_FUNCTION = YES;
				GCC_WARN_UNUSED_VARIABLE = YES;
				IPHONEOS_DEPLOYMENT_TARGET = 15.0;
				MTL_ENABLE_DEBUG_INFO = NO;
				MTL_FAST_MATH = YES;
				SDKROOT = iphoneos;
				SWIFT_COMPILATION_MODE = wholemodule;
				SWIFT_OPTIMIZATION_LEVEL = "-O";
				VALIDATE_PRODUCT = YES;
			};
			name = Release;
		};
		D6DFC3282749A42C00DAA6B8 /* Debug */ = {
			isa = XCBuildConfiguration;
			baseConfigurationReference = 015BFF9BF6FC64F5606F0F32 /* Pods-MeetTheCat.debug.xcconfig */;
			buildSettings = {
				ASSETCATALOG_COMPILER_APPICON_NAME = AppIcon;
				ASSETCATALOG_COMPILER_GLOBAL_ACCENT_COLOR_NAME = AccentColor;
				CODE_SIGN_STYLE = Automatic;
				CURRENT_PROJECT_VERSION = 1;
				DEVELOPMENT_TEAM = GZ47Z9336G;
				GENERATE_INFOPLIST_FILE = YES;
				INFOPLIST_FILE = MeetTheCat/Info.plist;
				INFOPLIST_KEY_UIApplicationSupportsIndirectInputEvents = YES;
				INFOPLIST_KEY_UILaunchStoryboardName = LaunchScreen;
				INFOPLIST_KEY_UIMainStoryboardFile = Main;
				INFOPLIST_KEY_UISupportedInterfaceOrientations = UIInterfaceOrientationPortrait;
				INFOPLIST_KEY_UISupportedInterfaceOrientations_iPad = "UIInterfaceOrientationPortrait UIInterfaceOrientationPortraitUpsideDown UIInterfaceOrientationLandscapeLeft UIInterfaceOrientationLandscapeRight";
				INFOPLIST_KEY_UISupportedInterfaceOrientations_iPhone = "UIInterfaceOrientationPortrait UIInterfaceOrientationLandscapeLeft UIInterfaceOrientationLandscapeRight";
				LD_RUNPATH_SEARCH_PATHS = (
					"$(inherited)",
					"@executable_path/Frameworks",
				);
				MARKETING_VERSION = 1.0;
				PRODUCT_BUNDLE_IDENTIFIER = com.HER.MeetTheCat;
				PRODUCT_NAME = "$(TARGET_NAME)";
				SWIFT_EMIT_LOC_STRINGS = YES;
				SWIFT_VERSION = 5.0;
				TARGETED_DEVICE_FAMILY = "1,2";
			};
			name = Debug;
		};
		D6DFC3292749A42C00DAA6B8 /* Release */ = {
			isa = XCBuildConfiguration;
			baseConfigurationReference = 82A648C11CA2DC274DEBA2C8 /* Pods-MeetTheCat.release.xcconfig */;
			buildSettings = {
				ASSETCATALOG_COMPILER_APPICON_NAME = AppIcon;
				ASSETCATALOG_COMPILER_GLOBAL_ACCENT_COLOR_NAME = AccentColor;
				CODE_SIGN_STYLE = Automatic;
				CURRENT_PROJECT_VERSION = 1;
				DEVELOPMENT_TEAM = GZ47Z9336G;
				GENERATE_INFOPLIST_FILE = YES;
				INFOPLIST_FILE = MeetTheCat/Info.plist;
				INFOPLIST_KEY_UIApplicationSupportsIndirectInputEvents = YES;
				INFOPLIST_KEY_UILaunchStoryboardName = LaunchScreen;
				INFOPLIST_KEY_UIMainStoryboardFile = Main;
				INFOPLIST_KEY_UISupportedInterfaceOrientations = UIInterfaceOrientationPortrait;
				INFOPLIST_KEY_UISupportedInterfaceOrientations_iPad = "UIInterfaceOrientationPortrait UIInterfaceOrientationPortraitUpsideDown UIInterfaceOrientationLandscapeLeft UIInterfaceOrientationLandscapeRight";
				INFOPLIST_KEY_UISupportedInterfaceOrientations_iPhone = "UIInterfaceOrientationPortrait UIInterfaceOrientationLandscapeLeft UIInterfaceOrientationLandscapeRight";
				LD_RUNPATH_SEARCH_PATHS = (
					"$(inherited)",
					"@executable_path/Frameworks",
				);
				MARKETING_VERSION = 1.0;
				PRODUCT_BUNDLE_IDENTIFIER = com.HER.MeetTheCat;
				PRODUCT_NAME = "$(TARGET_NAME)";
				SWIFT_EMIT_LOC_STRINGS = YES;
				SWIFT_VERSION = 5.0;
				TARGETED_DEVICE_FAMILY = "1,2";
			};
			name = Release;
		};
		D6DFC32B2749A42C00DAA6B8 /* Debug */ = {
			isa = XCBuildConfiguration;
			buildSettings = {
				ALWAYS_EMBED_SWIFT_STANDARD_LIBRARIES = YES;
				BUNDLE_LOADER = "$(TEST_HOST)";
				CODE_SIGN_STYLE = Automatic;
				CURRENT_PROJECT_VERSION = 1;
				DEVELOPMENT_TEAM = GZ47Z9336G;
				GENERATE_INFOPLIST_FILE = YES;
				IPHONEOS_DEPLOYMENT_TARGET = 15.0;
				LD_RUNPATH_SEARCH_PATHS = (
					"$(inherited)",
					"@executable_path/Frameworks",
					"@loader_path/Frameworks",
				);
				MARKETING_VERSION = 1.0;
				PRODUCT_BUNDLE_IDENTIFIER = com.HER.MeetTheCatTests;
				PRODUCT_NAME = "$(TARGET_NAME)";
				SWIFT_EMIT_LOC_STRINGS = NO;
				SWIFT_VERSION = 5.0;
				TARGETED_DEVICE_FAMILY = "1,2";
				TEST_HOST = "$(BUILT_PRODUCTS_DIR)/MeetTheCat.app/MeetTheCat";
			};
			name = Debug;
		};
		D6DFC32C2749A42C00DAA6B8 /* Release */ = {
			isa = XCBuildConfiguration;
			buildSettings = {
				ALWAYS_EMBED_SWIFT_STANDARD_LIBRARIES = YES;
				BUNDLE_LOADER = "$(TEST_HOST)";
				CODE_SIGN_STYLE = Automatic;
				CURRENT_PROJECT_VERSION = 1;
				DEVELOPMENT_TEAM = GZ47Z9336G;
				GENERATE_INFOPLIST_FILE = YES;
				IPHONEOS_DEPLOYMENT_TARGET = 15.0;
				LD_RUNPATH_SEARCH_PATHS = (
					"$(inherited)",
					"@executable_path/Frameworks",
					"@loader_path/Frameworks",
				);
				MARKETING_VERSION = 1.0;
				PRODUCT_BUNDLE_IDENTIFIER = com.HER.MeetTheCatTests;
				PRODUCT_NAME = "$(TARGET_NAME)";
				SWIFT_EMIT_LOC_STRINGS = NO;
				SWIFT_VERSION = 5.0;
				TARGETED_DEVICE_FAMILY = "1,2";
				TEST_HOST = "$(BUILT_PRODUCTS_DIR)/MeetTheCat.app/MeetTheCat";
			};
			name = Release;
		};
		D6DFC32E2749A42C00DAA6B8 /* Debug */ = {
			isa = XCBuildConfiguration;
			buildSettings = {
				ALWAYS_EMBED_SWIFT_STANDARD_LIBRARIES = YES;
				CODE_SIGN_STYLE = Automatic;
				CURRENT_PROJECT_VERSION = 1;
				DEVELOPMENT_TEAM = GZ47Z9336G;
				GENERATE_INFOPLIST_FILE = YES;
				LD_RUNPATH_SEARCH_PATHS = (
					"$(inherited)",
					"@executable_path/Frameworks",
					"@loader_path/Frameworks",
				);
				MARKETING_VERSION = 1.0;
				PRODUCT_BUNDLE_IDENTIFIER = com.HER.MeetTheCatUITests;
				PRODUCT_NAME = "$(TARGET_NAME)";
				SWIFT_EMIT_LOC_STRINGS = NO;
				SWIFT_VERSION = 5.0;
				TARGETED_DEVICE_FAMILY = "1,2";
				TEST_TARGET_NAME = MeetTheCat;
			};
			name = Debug;
		};
		D6DFC32F2749A42C00DAA6B8 /* Release */ = {
			isa = XCBuildConfiguration;
			buildSettings = {
				ALWAYS_EMBED_SWIFT_STANDARD_LIBRARIES = YES;
				CODE_SIGN_STYLE = Automatic;
				CURRENT_PROJECT_VERSION = 1;
				DEVELOPMENT_TEAM = GZ47Z9336G;
				GENERATE_INFOPLIST_FILE = YES;
				LD_RUNPATH_SEARCH_PATHS = (
					"$(inherited)",
					"@executable_path/Frameworks",
					"@loader_path/Frameworks",
				);
				MARKETING_VERSION = 1.0;
				PRODUCT_BUNDLE_IDENTIFIER = com.HER.MeetTheCatUITests;
				PRODUCT_NAME = "$(TARGET_NAME)";
				SWIFT_EMIT_LOC_STRINGS = NO;
				SWIFT_VERSION = 5.0;
				TARGETED_DEVICE_FAMILY = "1,2";
				TEST_TARGET_NAME = MeetTheCat;
			};
			name = Release;
		};
/* End XCBuildConfiguration section */

/* Begin XCConfigurationList section */
		D6DFC2F82749A42900DAA6B8 /* Build configuration list for PBXProject "MeetTheCat" */ = {
			isa = XCConfigurationList;
			buildConfigurations = (
				D6DFC3252749A42C00DAA6B8 /* Debug */,
				D6DFC3262749A42C00DAA6B8 /* Release */,
			);
			defaultConfigurationIsVisible = 0;
			defaultConfigurationName = Release;
		};
		D6DFC3272749A42C00DAA6B8 /* Build configuration list for PBXNativeTarget "MeetTheCat" */ = {
			isa = XCConfigurationList;
			buildConfigurations = (
				D6DFC3282749A42C00DAA6B8 /* Debug */,
				D6DFC3292749A42C00DAA6B8 /* Release */,
			);
			defaultConfigurationIsVisible = 0;
			defaultConfigurationName = Release;
		};
		D6DFC32A2749A42C00DAA6B8 /* Build configuration list for PBXNativeTarget "MeetTheCatTests" */ = {
			isa = XCConfigurationList;
			buildConfigurations = (
				D6DFC32B2749A42C00DAA6B8 /* Debug */,
				D6DFC32C2749A42C00DAA6B8 /* Release */,
			);
			defaultConfigurationIsVisible = 0;
			defaultConfigurationName = Release;
		};
		D6DFC32D2749A42C00DAA6B8 /* Build configuration list for PBXNativeTarget "MeetTheCatUITests" */ = {
			isa = XCConfigurationList;
			buildConfigurations = (
				D6DFC32E2749A42C00DAA6B8 /* Debug */,
				D6DFC32F2749A42C00DAA6B8 /* Release */,
			);
			defaultConfigurationIsVisible = 0;
			defaultConfigurationName = Release;
		};
/* End XCConfigurationList section */
	};
	rootObject = D6DFC2F52749A42900DAA6B8 /* Project object */;
}
